
Microsoft Visual Studio Solution File, Format Version 12.00
# Visual Studio 15
VisualStudioVersion = 15.0.28307.645
MinimumVisualStudioVersion = 10.0.40219.1
Project("{FAE04EC0-301F-11D3-BF4B-00C04F79EFBC}") = "Nasa.MarsRover", "Nasa.MarsRover\Nasa.MarsRover.csproj", "{699A1A76-625F-49D0-A995-CC4749632D9B}"
EndProject
Global
	GlobalSection(SolutionConfigurationPlatforms) = preSolution
		Debug|Any CPU = Debug|Any CPU
		Release|Any CPU = Release|Any CPU
	EndGlobalSection
	GlobalSection(ProjectConfigurationPlatforms) = postSolution
		{699A1A76-625F-49D0-A995-CC4749632D9B}.Debug|Any CPU.ActiveCfg = Debug|Any CPU
		{699A1A76-625F-49D0-A995-CC4749632D9B}.Debug|Any CPU.Build.0 = Debug|Any CPU
		{699A1A76-625F-49D0-A995-CC4749632D9B}.Release|Any CPU.ActiveCfg = Release|Any CPU
		{699A1A76-625F-49D0-A995-CC4749632D9B}.Release|Any CPU.Build.0 = Release|Any CPU
	EndGlobalSection
	GlobalSection(SolutionProperties) = preSolution
		HideSolutionNode = FALSE
	EndGlobalSection
	GlobalSection(ExtensibilityGlobals) = postSolution
		SolutionGuid = {5C06DB1C-492C-494D-900C-DE29E57B7355}
	EndGlobalSection
EndGlobal
